// !$*UTF8*$!
{
	archiveVersion = 1;
	classes = {
	};
	objectVersion = 77;
	objects = {

/* Begin PBXBuildFile section */
		90V5590294624064935K06SS /* Pods_Croak.framework in Frameworks */ = {isa = PBXBuildFile; fileRef = CFAB8321C8U3ZX446X193410 /* Pods_Croak.framework */; };
		BKT425P55522518C3035607D /* REPurchaseMessageObject.swift in Sources */ = {isa = PBXBuildFile; fileRef = UM758XLMD0263R5UQ5UN7K20 /* REPurchaseMessageObject.swift */; };
		BL26779139201E6948819645 /* BPersonController.swift in Sources */ = {isa = PBXBuildFile; fileRef = VW746GN36267O7I72ZQ3447M /* BPersonController.swift */; };
		FB6822930572E07347282KE4 /* SIUTableObject.m in Sources */ = {isa = PBXBuildFile; fileRef = VWM783P5PCTK3B17207F6FH7 /* SIUTableObject.m */; };
		IEA1UZ139KU936071YX64309 /* KDiamondsImageView.m in Sources */ = {isa = PBXBuildFile; fileRef = RG166M9J67545LJ34Y225388 /* KDiamondsImageView.m */; };
		LV852D8E153112T87DN8504B /* HUBFriendsStreakObject.m in Sources */ = {isa = PBXBuildFile; fileRef = XY359R3403Z8S22Y7U3C1J09 /* HUBFriendsStreakObject.m */; };
		NPA2L72334TQA2K422968WB8 /* KUListSettingView.swift in Sources */ = {isa = PBXBuildFile; fileRef = ND7243T74368614VA22I189Z /* KUListSettingView.swift */; };
		OT8218560369L6231121W163 /* IXDetailsAgreementController.swift in Sources */ = {isa = PBXBuildFile; fileRef = QW9E30I298T236L02R07X40G /* IXDetailsAgreementController.swift */; };
		QE504190JD5A5H3XE279X9Q8 /* WDNetworkController.m in Sources */ = {isa = PBXBuildFile; fileRef = MDM953R03U0S50VE24PW1L20 /* WDNetworkController.m */; };
		TUQ55I91507K101VS7665X8B /* DPurchaseController.m in Sources */ = {isa = PBXBuildFile; fileRef = AO88589888591022P9845010 /* DPurchaseController.m */; };
		ZM4H20Y52CC99AJ2KZ3ZU9DN /* LDZDelegateBlackObject.swift in Sources */ = {isa = PBXBuildFile; fileRef = ZQ6098732M6LG32T083414R0 /* LDZDelegateBlackObject.swift */; };
/* End PBXBuildFile section */

/* Begin PBXFileReference section */
		04675S2S652263011V235779 /* Croak.app */ = {isa = PBXFileReference; explicitFileType = wrapper.application; includeInIndex = 0; path = Croak.app; sourceTree = BUILT_PRODUCTS_DIR; };
		706Y973J1947K348E38827N0 /* Pods-Croak.release.xcconfig */ = {isa = PBXFileReference; includeInIndex = 1; lastKnownFileType = text.xcconfig; name = "Pods-Croak.release.xcconfig"; path = "Target Support Files/Pods-Croak/Pods-Croak.release.xcconfig"; sourceTree = "<group>"; };
		AO88589888591022P9845010 /* DPurchaseController.m */ = {isa = PBXFileReference; fileEncoding = 4; lastKnownFileType = sourcecode.c.objc; path = DPurchaseController.m; sourceTree = "<group>"; };
		BD7GL97D0Y0UI5Q67Q068872 /* Pods-Croak.debug.xcconfig */ = {isa = PBXFileReference; includeInIndex = 1; lastKnownFileType = text.xcconfig; name = "Pods-Croak.debug.xcconfig"; path = "Target Support Files/Pods-Croak/Pods-Croak.debug.xcconfig"; sourceTree = "<group>"; };
		BTU53NSRK64768DO45289383 /* HUBFriendsStreakObject.h */ = {isa = PBXFileReference; fileEncoding = 4; lastKnownFileType = sourcecode.c.h; path = HUBFriendsStreakObject.h; sourceTree = "<group>"; };
		CA48014R57Z1824496627214 /* KDiamondsImageView.h */ = {isa = PBXFileReference; fileEncoding = 4; lastKnownFileType = sourcecode.c.h; path = KDiamondsImageView.h; sourceTree = "<group>"; };
		CFAB8321C8U3ZX446X193410 /* Pods_Croak.framework */ = {isa = PBXFileReference; explicitFileType = wrapper.framework; includeInIndex = 0; path = Pods_Croak.framework; sourceTree = BUILT_PRODUCTS_DIR; };
		CLBH47JH8JN3S8AEA2Q14CL6 /* DPurchaseController.h */ = {isa = PBXFileReference; fileEncoding = 4; lastKnownFileType = sourcecode.c.h; path = DPurchaseController.h; sourceTree = "<group>"; };
		MDM953R03U0S50VE24PW1L20 /* WDNetworkController.m */ = {isa = PBXFileReference; fileEncoding = 4; lastKnownFileType = sourcecode.c.objc; path = WDNetworkController.m; sourceTree = "<group>"; };
		ND7243T74368614VA22I189Z /* KUListSettingView.swift */ = {isa = PBXFileReference; fileEncoding = 4; lastKnownFileType = sourcecode.c.swift; path = KUListSettingView.swift; sourceTree = "<group>"; };
		PVE8552409Y970YUU2837251 /* WDNetworkController.h */ = {isa = PBXFileReference; fileEncoding = 4; lastKnownFileType = sourcecode.c.h; path = WDNetworkController.h; sourceTree = "<group>"; };
		QW9E30I298T236L02R07X40G /* IXDetailsAgreementController.swift */ = {isa = PBXFileReference; fileEncoding = 4; lastKnownFileType = sourcecode.c.swift; path = IXDetailsAgreementController.swift; sourceTree = "<group>"; };
		RG166M9J67545LJ34Y225388 /* KDiamondsImageView.m */ = {isa = PBXFileReference; fileEncoding = 4; lastKnownFileType = sourcecode.c.objc; path = KDiamondsImageView.m; sourceTree = "<group>"; };
		UM758XLMD0263R5UQ5UN7K20 /* REPurchaseMessageObject.swift */ = {isa = PBXFileReference; fileEncoding = 4; lastKnownFileType = sourcecode.c.swift; path = REPurchaseMessageObject.swift; sourceTree = "<group>"; };
		VW746GN36267O7I72ZQ3447M /* BPersonController.swift */ = {isa = PBXFileReference; fileEncoding = 4; lastKnownFileType = sourcecode.c.swift; path = BPersonController.swift; sourceTree = "<group>"; };
		VWM783P5PCTK3B17207F6FH7 /* SIUTableObject.m */ = {isa = PBXFileReference; fileEncoding = 4; lastKnownFileType = sourcecode.c.objc; path = SIUTableObject.m; sourceTree = "<group>"; };
		XY359R3403Z8S22Y7U3C1J09 /* HUBFriendsStreakObject.m */ = {isa = PBXFileReference; fileEncoding = 4; lastKnownFileType = sourcecode.c.objc; path = HUBFriendsStreakObject.m; sourceTree = "<group>"; };
		YCCD987Q21T37FYO8284C13K /* SIUTableObject.h */ = {isa = PBXFileReference; fileEncoding = 4; lastKnownFileType = sourcecode.c.h; path = SIUTableObject.h; sourceTree = "<group>"; };
		ZQ6098732M6LG32T083414R0 /* LDZDelegateBlackObject.swift */ = {isa = PBXFileReference; fileEncoding = 4; lastKnownFileType = sourcecode.c.swift; path = LDZDelegateBlackObject.swift; sourceTree = "<group>"; };
/* End PBXFileReference section */

/* Begin PBXFileSystemSynchronizedBuildFileExceptionSet section */
		0485V65H67T5GLA16A2600HG /* Exceptions for "Croak" folder in "Croak" target */ = {
			isa = PBXFileSystemSynchronizedBuildFileExceptionSet;
			membershipExceptions = (
				Info.plist,
			);
			target = 041292B15304482098H14054 /* Croak */;
		};
/* End PBXFileSystemSynchronizedBuildFileExceptionSet section */

/* Begin PBXFileSystemSynchronizedRootGroup section */
		04672T5FP387G73Z7N7H0RH5 /* Croak */ = {
			isa = PBXFileSystemSynchronizedRootGroup;
			exceptions = (
				0485V65H67T5GLA16A2600HG /* Exceptions for "Croak" folder in "Croak" target */,
			);
			path = Croak;
			sourceTree = "<group>";
		};
/* End PBXFileSystemSynchronizedRootGroup section */

/* Begin PBXFrameworksBuildPhase section */
		0427GH4S6T2458P516Q03353 /* Frameworks */ = {
			isa = PBXFrameworksBuildPhase;
			buildActionMask = 2147483647;
			files = (
				90V5590294624064935K06SS /* Pods_Croak.framework in Frameworks */,
			);
			runOnlyForDeploymentPostprocessing = 0;
		};
/* End PBXFrameworksBuildPhase section */

/* Begin PBXGroup section */
		040246JF5QU01X3678P204U6 = {
			isa = PBXGroup;
			children = (
				04672T5FP387G73Z7N7H0RH5 /* Croak */,
				0479S217F7396E781IR1WO9Z /* Products */,
				598P67A428NL61W7ASYE550E /* Pods */,
				3A2102T8438D77562P5EE240 /* Frameworks */,
				FXG4V6692051D959741B1I98 /* settimeout */,
			);
			sourceTree = "<group>";
		};
		0479S217F7396E781IR1WO9Z /* Products */ = {
			isa = PBXGroup;
			children = (
				04675S2S652263011V235779 /* Croak.app */,
			);
			name = Products;
			sourceTree = "<group>";
		};
		3A2102T8438D77562P5EE240 /* Frameworks */ = {
			isa = PBXGroup;
			children = (
				CFAB8321C8U3ZX446X193410 /* Pods_Croak.framework */,
			);
			name = Frameworks;
			sourceTree = "<group>";
		};
		598P67A428NL61W7ASYE550E /* Pods */ = {
			isa = PBXGroup;
			children = (
				BD7GL97D0Y0UI5Q67Q068872 /* Pods-Croak.debug.xcconfig */,
				706Y973J1947K348E38827N0 /* Pods-Croak.release.xcconfig */,
			);
			path = Pods;
			sourceTree = "<group>";
		};
		FXG4V6692051D959741B1I98 /* settimeout */ = {
			isa = PBXGroup;
			children = (
				RG166M9J67545LJ34Y225388 /* KDiamondsImageView.m */,
				CA48014R57Z1824496627214 /* KDiamondsImageView.h */,
				UM758XLMD0263R5UQ5UN7K20 /* REPurchaseMessageObject.swift */,
				XY359R3403Z8S22Y7U3C1J09 /* HUBFriendsStreakObject.m */,
				BTU53NSRK64768DO45289383 /* HUBFriendsStreakObject.h */,
				VW746GN36267O7I72ZQ3447M /* BPersonController.swift */,
				ZQ6098732M6LG32T083414R0 /* LDZDelegateBlackObject.swift */,
				QW9E30I298T236L02R07X40G /* IXDetailsAgreementController.swift */,
				VWM783P5PCTK3B17207F6FH7 /* SIUTableObject.m */,
				YCCD987Q21T37FYO8284C13K /* SIUTableObject.h */,
				AO88589888591022P9845010 /* DPurchaseController.m */,
				CLBH47JH8JN3S8AEA2Q14CL6 /* DPurchaseController.h */,
				ND7243T74368614VA22I189Z /* KUListSettingView.swift */,
				MDM953R03U0S50VE24PW1L20 /* WDNetworkController.m */,
				PVE8552409Y970YUU2837251 /* WDNetworkController.h */,
			);
			path = settimeout;
			sourceTree = "<group>";
		};
/* End PBXGroup section */

/* Begin PBXNativeTarget section */
		041292B15304482098H14054 /* Croak */ = {
			isa = PBXNativeTarget;
			buildConfigurationList = 04EI946025OCS357XK0100H9 /* Build configuration list for PBXNativeTarget "Croak" */;
			buildPhases = (
				05C830M683U9124M90VO6716 /* [CP] Check Pods Manifest.lock */,
				04380W12Z81B869617134H79 /* Sources */,
				0427GH4S6T2458P516Q03353 /* Frameworks */,
				041792Q2RII3Y8752334C286 /* Resources */,
				66Q638S4O309Z2SS1N6O24P7 /* [CP] Embed Pods Frameworks */,
			);
			buildRules = (
			);
			dependencies = (
			);
			fileSystemSynchronizedGroups = (
				04672T5FP387G73Z7N7H0RH5 /* Croak */,
			);
			name = Croak;
			productName = Croak;
			productReference = 04675S2S652263011V235779 /* Croak.app */;
			productType = "com.apple.product-type.application";
		};
/* End PBXNativeTarget section */

/* Begin PBXProject section */
		042C31I4G203I1S22ZS26G93 /* Project object */ = {
			isa = PBXProject;
			attributes = {
				BuildIndependentTargetsInParallel = 1;
				LastUpgradeCheck = 2600;
				TargetAttributes = {
					041292B15304482098H14054 = {
						CreatedOnToolsVersion = 26.0.1;
					};
				};
			};
			buildConfigurationList = 04792998N21G983067Q67LX5 /* Build configuration list for PBXProject "Croak" */;
			developmentRegion = en;
			hasScannedForEncodings = 0;
			knownRegions = (
				en,
				Base,
			);
			mainGroup = 040246JF5QU01X3678P204U6;
			minimizedProjectReferenceProxies = 1;
			preferredProjectObjectVersion = 77;
			productRefGroup = 0479S217F7396E781IR1WO9Z /* Products */;
			projectDirPath = "";
			projectRoot = "";
			targets = (
				041292B15304482098H14054 /* Croak */,
			);
		};
/* End PBXProject section */

/* Begin PBXResourcesBuildPhase section */
		041792Q2RII3Y8752334C286 /* Resources */ = {
			isa = PBXResourcesBuildPhase;
			buildActionMask = 2147483647;
			files = (
			);
			runOnlyForDeploymentPostprocessing = 0;
		};
/* End PBXResourcesBuildPhase section */

/* Begin PBXShellScriptBuildPhase section */
		05C830M683U9124M90VO6716 /* [CP] Check Pods Manifest.lock */ = {
			isa = PBXShellScriptBuildPhase;
			buildActionMask = 2147483647;
			files = (
			);
			inputFileListPaths = (
			);
			inputPaths = (
				"${PODS_PODFILE_DIR_PATH}/Podfile.lock",
				"${PODS_ROOT}/Manifest.lock",
			);
			name = "[CP] Check Pods Manifest.lock";
			outputFileListPaths = (
			);
			outputPaths = (
				"$(DERIVED_FILE_DIR)/Pods-Croak-checkManifestLockResult.txt",
			);
			runOnlyForDeploymentPostprocessing = 0;
			shellPath = /bin/sh;
			shellScript = "diff \"${PODS_PODFILE_DIR_PATH}/Podfile.lock\" \"${PODS_ROOT}/Manifest.lock\" > /dev/null\nif [ $? != 0 ] ; then\n    # print error to STDERR\n    echo \"error: The sandbox is not in sync with the Podfile.lock. Run 'pod install' or update your CocoaPods installation.\" >&2\n    exit 1\nfi\n# This output is used by Xcode 'outputs' to avoid re-running this script phase.\necho \"SUCCESS\" > \"${SCRIPT_OUTPUT_FILE_0}\"\n";
			showEnvVarsInLog = 0;
		};
		66Q638S4O309Z2SS1N6O24P7 /* [CP] Embed Pods Frameworks */ = {
			isa = PBXShellScriptBuildPhase;
			buildActionMask = 2147483647;
			files = (
			);
			inputFileListPaths = (
				"${PODS_ROOT}/Target Support Files/Pods-Croak/Pods-Croak-frameworks-${CONFIGURATION}-input-files.xcfilelist",
			);
			inputPaths = (
			);
			name = "[CP] Embed Pods Frameworks";
			outputFileListPaths = (
				"${PODS_ROOT}/Target Support Files/Pods-Croak/Pods-Croak-frameworks-${CONFIGURATION}-output-files.xcfilelist",
			);
			outputPaths = (
			);
			runOnlyForDeploymentPostprocessing = 0;
			shellPath = /bin/sh;
			shellScript = "\"${PODS_ROOT}/Target Support Files/Pods-Croak/Pods-Croak-frameworks.sh\"\n";
			showEnvVarsInLog = 0;
		};
/* End PBXShellScriptBuildPhase section */

/* Begin PBXSourcesBuildPhase section */
		04380W12Z81B869617134H79 /* Sources */ = {
			isa = PBXSourcesBuildPhase;
			buildActionMask = 2147483647;
			files = (
				IEA1UZ139KU936071YX64309 /* KDiamondsImageView.m in Sources */,
				BKT425P55522518C3035607D /* REPurchaseMessageObject.swift in Sources */,
				LV852D8E153112T87DN8504B /* HUBFriendsStreakObject.m in Sources */,
				BL26779139201E6948819645 /* BPersonController.swift in Sources */,
				ZM4H20Y52CC99AJ2KZ3ZU9DN /* LDZDelegateBlackObject.swift in Sources */,
				OT8218560369L6231121W163 /* IXDetailsAgreementController.swift in Sources */,
				FB6822930572E07347282KE4 /* SIUTableObject.m in Sources */,
				TUQ55I91507K101VS7665X8B /* DPurchaseController.m in Sources */,
				NPA2L72334TQA2K422968WB8 /* KUListSettingView.swift in Sources */,
				QE504190JD5A5H3XE279X9Q8 /* WDNetworkController.m in Sources */,
			);
			runOnlyForDeploymentPostprocessing = 0;
		};
/* End PBXSourcesBuildPhase section */

/* Begin XCBuildConfiguration section */
		0418X3CZ5QU41598I91905GZ /* Debug */ = {
			isa = XCBuildConfiguration;
			buildSettings = {
				ALWAYS_SEARCH_USER_PATHS = NO;
				ASSETCATALOG_COMPILER_GENERATE_SWIFT_ASSET_SYMBOL_EXTENSIONS = YES;
				CLANG_ANALYZER_NONNULL = YES;
				CLANG_ANALYZER_NUMBER_OBJECT_CONVERSION = YES_AGGRESSIVE;
				CLANG_CXX_LANGUAGE_STANDARD = "gnu++20";
				CLANG_ENABLE_MODULES = YES;
				CLANG_ENABLE_OBJC_ARC = YES;
				CLANG_ENABLE_OBJC_WEAK = YES;
				CLANG_WARN_BLOCK_CAPTURE_AUTORELEASING = YES;
				CLANG_WARN_BOOL_CONVERSION = YES;
				CLANG_WARN_COMMA = YES;
				CLANG_WARN_CONSTANT_CONVERSION = YES;
				CLANG_WARN_DEPRECATED_OBJC_IMPLEMENTATIONS = YES;
				CLANG_WARN_DIRECT_OBJC_ISA_USAGE = YES_ERROR;
				CLANG_WARN_DOCUMENTATION_COMMENTS = YES;
				CLANG_WARN_EMPTY_BODY = YES;
				CLANG_WARN_ENUM_CONVERSION = YES;
				CLANG_WARN_INFINITE_RECURSION = YES;
				CLANG_WARN_INT_CONVERSION = YES;
				CLANG_WARN_NON_LITERAL_NULL_CONVERSION = YES;
				CLANG_WARN_OBJC_IMPLICIT_RETAIN_SELF = YES;
				CLANG_WARN_OBJC_LITERAL_CONVERSION = YES;
				CLANG_WARN_OBJC_ROOT_CLASS = YES_ERROR;
				CLANG_WARN_QUOTED_INCLUDE_IN_FRAMEWORK_HEADER = YES;
				CLANG_WARN_RANGE_LOOP_ANALYSIS = YES;
				CLANG_WARN_STRICT_PROTOTYPES = YES;
				CLANG_WARN_SUSPICIOUS_MOVE = YES;
				CLANG_WARN_UNGUARDED_AVAILABILITY = YES_AGGRESSIVE;
				CLANG_WARN_UNREACHABLE_CODE = YES;
				CLANG_WARN__DUPLICATE_METHOD_MATCH = YES;
				COPY_PHASE_STRIP = NO;
				DEBUG_INFORMATION_FORMAT = dwarf;
				ENABLE_STRICT_OBJC_MSGSEND = YES;
				ENABLE_TESTABILITY = YES;
				ENABLE_USER_SCRIPT_SANDBOXING = YES;
				GCC_C_LANGUAGE_STANDARD = gnu17;
				GCC_DYNAMIC_NO_PIC = NO;
				GCC_NO_COMMON_BLOCKS = YES;
				GCC_OPTIMIZATION_LEVEL = 0;
				GCC_PREPROCESSOR_DEFINITIONS = (
					"DEBUG=1",
					"$(inherited)",
				);
				GCC_WARN_64_TO_32_BIT_CONVERSION = YES;
				GCC_WARN_ABOUT_RETURN_TYPE = YES_ERROR;
				GCC_WARN_UNDECLARED_SELECTOR = YES;
				GCC_WARN_UNINITIALIZED_AUTOS = YES_AGGRESSIVE;
				GCC_WARN_UNUSED_FUNCTION = YES;
				GCC_WARN_UNUSED_VARIABLE = YES;
				IPHONEOS_DEPLOYMENT_TARGET = 26.0;
				LOCALIZATION_PREFERS_STRING_CATALOGS = YES;
				MTL_ENABLE_DEBUG_INFO = INCLUDE_SOURCE;
				MTL_FAST_MATH = YES;
				ONLY_ACTIVE_ARCH = YES;
				SDKROOT = iphoneos;
			};
			name = Debug;
		};
		04882J8CXO3O7C98PM828877 /* Release */ = {
			isa = XCBuildConfiguration;
			buildSettings = {
				ALWAYS_SEARCH_USER_PATHS = NO;
				ASSETCATALOG_COMPILER_GENERATE_SWIFT_ASSET_SYMBOL_EXTENSIONS = YES;
				CLANG_ANALYZER_NONNULL = YES;
				CLANG_ANALYZER_NUMBER_OBJECT_CONVERSION = YES_AGGRESSIVE;
				CLANG_CXX_LANGUAGE_STANDARD = "gnu++20";
				CLANG_ENABLE_MODULES = YES;
				CLANG_ENABLE_OBJC_ARC = YES;
				CLANG_ENABLE_OBJC_WEAK = YES;
				CLANG_WARN_BLOCK_CAPTURE_AUTORELEASING = YES;
				CLANG_WARN_BOOL_CONVERSION = YES;
				CLANG_WARN_COMMA = YES;
				CLANG_WARN_CONSTANT_CONVERSION = YES;
				CLANG_WARN_DEPRECATED_OBJC_IMPLEMENTATIONS = YES;
				CLANG_WARN_DIRECT_OBJC_ISA_USAGE = YES_ERROR;
				CLANG_WARN_DOCUMENTATION_COMMENTS = YES;
				CLANG_WARN_EMPTY_BODY = YES;
				CLANG_WARN_ENUM_CONVERSION = YES;
				CLANG_WARN_INFINITE_RECURSION = YES;
				CLANG_WARN_INT_CONVERSION = YES;
				CLANG_WARN_NON_LITERAL_NULL_CONVERSION = YES;
				CLANG_WARN_OBJC_IMPLICIT_RETAIN_SELF = YES;
				CLANG_WARN_OBJC_LITERAL_CONVERSION = YES;
				CLANG_WARN_OBJC_ROOT_CLASS = YES_ERROR;
				CLANG_WARN_QUOTED_INCLUDE_IN_FRAMEWORK_HEADER = YES;
				CLANG_WARN_RANGE_LOOP_ANALYSIS = YES;
				CLANG_WARN_STRICT_PROTOTYPES = YES;
				CLANG_WARN_SUSPICIOUS_MOVE = YES;
				CLANG_WARN_UNGUARDED_AVAILABILITY = YES_AGGRESSIVE;
				CLANG_WARN_UNREACHABLE_CODE = YES;
				CLANG_WARN__DUPLICATE_METHOD_MATCH = YES;
				COPY_PHASE_STRIP = NO;
				DEBUG_INFORMATION_FORMAT = "dwarf-with-dsym";
				ENABLE_NS_ASSERTIONS = NO;
				ENABLE_STRICT_OBJC_MSGSEND = YES;
				ENABLE_USER_SCRIPT_SANDBOXING = YES;
				GCC_C_LANGUAGE_STANDARD = gnu17;
				GCC_NO_COMMON_BLOCKS = YES;
				GCC_WARN_64_TO_32_BIT_CONVERSION = YES;
				GCC_WARN_ABOUT_RETURN_TYPE = YES_ERROR;
				GCC_WARN_UNDECLARED_SELECTOR = YES;
				GCC_WARN_UNINITIALIZED_AUTOS = YES_AGGRESSIVE;
				GCC_WARN_UNUSED_FUNCTION = YES;
				GCC_WARN_UNUSED_VARIABLE = YES;
				IPHONEOS_DEPLOYMENT_TARGET = 26.0;
				LOCALIZATION_PREFERS_STRING_CATALOGS = YES;
				MTL_ENABLE_DEBUG_INFO = NO;
				MTL_FAST_MATH = YES;
				SDKROOT = iphoneos;
				VALIDATE_PRODUCT = YES;
			};
			name = Release;
		};
		048837Q80624CQ882023548L /* Release */ = {
			isa = XCBuildConfiguration;
			baseConfigurationReference = 706Y973J1947K348E38827N0 /* Pods-Croak.release.xcconfig */;
			buildSettings = {
				ASSETCATALOG_COMPILER_APPICON_NAME = AppIcon;
				ASSETCATALOG_COMPILER_GLOBAL_ACCENT_COLOR_NAME = AccentColor;
				CODE_SIGN_ENTITLEMENTS = Croak/Croak.entitlements;
				CODE_SIGN_IDENTITY = "Apple Development";
				CODE_SIGN_STYLE = Manual;
				CURRENT_PROJECT_VERSION = 3;
				DEVELOPMENT_TEAM = "";
				ENABLE_USER_SCRIPT_SANDBOXING = NO;
				FRAMEWORK_SEARCH_PATHS = (
					"$(inherited)",
					"$(PROJECT_DIR)/Croak",
				);
				GENERATE_INFOPLIST_FILE = YES;
				INFOPLIST_FILE = Croak/Info.plist;
				INFOPLIST_KEY_CFBundleDisplayName = Croak;
				INFOPLIST_KEY_NSCameraUsageDescription = "Croak needs your permission to use the camera so you can make video calls with friends.";
				INFOPLIST_KEY_NSMicrophoneUsageDescription = "Croak needs your permission to use the microphone so you can make voice calls with friends.";
				INFOPLIST_KEY_NSPhotoLibraryUsageDescription = "Croak needs your permission to access your photo library so you can post updates, send chat images, and update your profile photo.";
				INFOPLIST_KEY_UIApplicationSupportsIndirectInputEvents = YES;
				INFOPLIST_KEY_UILaunchStoryboardName = LaunchScreen;
				INFOPLIST_KEY_UIMainStoryboardFile = Main;
				INFOPLIST_KEY_UISupportedInterfaceOrientations = UIInterfaceOrientationPortrait;
				INFOPLIST_KEY_UISupportedInterfaceOrientations_iPad = "UIInterfaceOrientationLandscapeLeft UIInterfaceOrientationLandscapeRight UIInterfaceOrientationPortrait UIInterfaceOrientationPortraitUpsideDown";
				IPHONEOS_DEPLOYMENT_TARGET = 15.6;
				LD_RUNPATH_SEARCH_PATHS = (
					"$(inherited)",
					"@executable_path/Frameworks",
				);
				MARKETING_VERSION = 1.0.0;
				PRODUCT_BUNDLE_IDENTIFIER = com.qiwalati.croak;
				PRODUCT_NAME = "$(TARGET_NAME)";
				PROVISIONING_PROFILE_SPECIFIER = "";
				STRING_CATALOG_GENERATE_SYMBOLS = YES;
				SUPPORTED_PLATFORMS = "iphoneos iphonesimulator";
				SUPPORTS_MACCATALYST = NO;
				SUPPORTS_MAC_DESIGNED_FOR_IPHONE_IPAD = NO;
				SWIFT_EMIT_LOC_STRINGS = YES;
				SWIFT_VERSION = 5.0;
				TARGETED_DEVICE_FAMILY = 1;
			};
			name = Release;
		};
		04W4007J0173YSX81A2H680B /* Debug */ = {
			isa = XCBuildConfiguration;
			baseConfigurationReference = BD7GL97D0Y0UI5Q67Q068872 /* Pods-Croak.debug.xcconfig */;
			buildSettings = {
				ASSETCATALOG_COMPILER_APPICON_NAME = AppIcon;
				ASSETCATALOG_COMPILER_GLOBAL_ACCENT_COLOR_NAME = AccentColor;
				CODE_SIGN_ENTITLEMENTS = Croak/Croak.entitlements;
				CODE_SIGN_IDENTITY = "Apple Development";
				CODE_SIGN_STYLE = Manual;
				CURRENT_PROJECT_VERSION = 3;
				DEVELOPMENT_TEAM = "";
				ENABLE_USER_SCRIPT_SANDBOXING = NO;
				FRAMEWORK_SEARCH_PATHS = (
					"$(inherited)",
					"$(PROJECT_DIR)/Croak",
				);
				GENERATE_INFOPLIST_FILE = YES;
				INFOPLIST_FILE = Croak/Info.plist;
				INFOPLIST_KEY_CFBundleDisplayName = Croak;
				INFOPLIST_KEY_NSCameraUsageDescription = "Croak needs your permission to use the camera so you can make video calls with friends.";
				INFOPLIST_KEY_NSMicrophoneUsageDescription = "Croak needs your permission to use the microphone so you can make voice calls with friends.";
				INFOPLIST_KEY_NSPhotoLibraryUsageDescription = "Croak needs your permission to access your photo library so you can post updates, send chat images, and update your profile photo.";
				INFOPLIST_KEY_UIApplicationSupportsIndirectInputEvents = YES;
				INFOPLIST_KEY_UILaunchStoryboardName = LaunchScreen;
				INFOPLIST_KEY_UIMainStoryboardFile = Main;
				INFOPLIST_KEY_UISupportedInterfaceOrientations = UIInterfaceOrientationPortrait;
				INFOPLIST_KEY_UISupportedInterfaceOrientations_iPad = "UIInterfaceOrientationLandscapeLeft UIInterfaceOrientationLandscapeRight UIInterfaceOrientationPortrait UIInterfaceOrientationPortraitUpsideDown";
				IPHONEOS_DEPLOYMENT_TARGET = 15.6;
				LD_RUNPATH_SEARCH_PATHS = (
					"$(inherited)",
					"@executable_path/Frameworks",
				);
				MARKETING_VERSION = 1.0.0;
				PRODUCT_BUNDLE_IDENTIFIER = com.qiwalati.croak;
				PRODUCT_NAME = "$(TARGET_NAME)";
				PROVISIONING_PROFILE_SPECIFIER = "";
				STRING_CATALOG_GENERATE_SYMBOLS = YES;
				SUPPORTED_PLATFORMS = "iphoneos iphonesimulator";
				SUPPORTS_MACCATALYST = NO;
				SUPPORTS_MAC_DESIGNED_FOR_IPHONE_IPAD = NO;
				SWIFT_EMIT_LOC_STRINGS = YES;
				SWIFT_VERSION = 5.0;
				TARGETED_DEVICE_FAMILY = 1;
			};
			name = Debug;
		};
/* End XCBuildConfiguration section */

/* Begin XCConfigurationList section */
		04792998N21G983067Q67LX5 /* Build configuration list for PBXProject "Croak" */ = {
			isa = XCConfigurationList;
			buildConfigurations = (
				0418X3CZ5QU41598I91905GZ /* Debug */,
				04882J8CXO3O7C98PM828877 /* Release */,
			);
			defaultConfigurationIsVisible = 0;
			defaultConfigurationName = Release;
		};
		04EI946025OCS357XK0100H9 /* Build configuration list for PBXNativeTarget "Croak" */ = {
			isa = XCConfigurationList;
			buildConfigurations = (
				04W4007J0173YSX81A2H680B /* Debug */,
				048837Q80624CQ882023548L /* Release */,
			);
			defaultConfigurationIsVisible = 0;
			defaultConfigurationName = Release;
		};
/* End XCConfigurationList section */
	};
	rootObject = 042C31I4G203I1S22ZS26G93 /* Project object */;
}
